{
  "version": 4,
  "terraform_version": "1.4.4",
  "serial": 1,
  "lineage": "04869888-dabb-193f-33c9-478b9f021563",
  "outputs": {},
  "resources": [
    {
      "mode": "managed",
      "type": "virtualbox_vm",
      "name": "ecommerce",
      "provider": "provider[\"registry.terraform.io/terra-farm/virtualbox\"]",
      "instances": [
        {
          "index_key": 0,
          "status": "tainted",
          "schema_version": 0,
          "attributes": {
            "boot_order": null,
            "checksum": null,
            "checksum_type": null,
            "cpus": 2,
            "id": "eb032913-c132-43d0-8d5d-83122c40d57e",
            "image": "https://app.vagrantup.com/geerlingguy/boxes/ubuntu2004/versions/1.0.4/providers/virtualbox.box",
            "memory": "512 mib",
            "name": "ecommerceterra",
            "network_adapter": [
              {
                "device": "IntelPro1000MTServer",
                "host_interface": "vboxnet1",
                "ipv4_address": "",
                "ipv4_address_available": "",
                "mac_address": "",
                "status": "",
                "type": "hostonly"
              }
            ],
            "optical_disks": null,
            "status": "running",
            "url": null,
            "user_data": null
          },
          "sensitive_attributes": [],
          "private": "bnVsbA=="
        }
      ]
    }
  ],
  "check_results": null
}
